
Microsoft Visual Studio Solution File, Format Version 12.00
# Visual Studio Version 16
VisualStudioVersion = 16.0.30330.147
MinimumVisualStudioVersion = 10.0.40219.1
Project("{FAE04EC0-301F-11D3-BF4B-00C04F79EFBC}") = "Aula1408", "Aula1408\Aula1408.csproj", "{87671C49-8650-46B8-9D0D-F233169F9C7B}"
EndProject
Global
	GlobalSection(SolutionConfigurationPlatforms) = preSolution
		Debug|Any CPU = Debug|Any CPU
		Release|Any CPU = Release|Any CPU
	EndGlobalSection
	GlobalSection(ProjectConfigurationPlatforms) = postSolution
		{87671C49-8650-46B8-9D0D-F233169F9C7B}.Debug|Any CPU.ActiveCfg = Debug|Any CPU
		{87671C49-8650-46B8-9D0D-F233169F9C7B}.Debug|Any CPU.Build.0 = Debug|Any CPU
		{87671C49-8650-46B8-9D0D-F233169F9C7B}.Release|Any CPU.ActiveCfg = Release|Any CPU
		{87671C49-8650-46B8-9D0D-F233169F9C7B}.Release|Any CPU.Build.0 = Release|Any CPU
	EndGlobalSection
	GlobalSection(SolutionProperties) = preSolution
		HideSolutionNode = FALSE
	EndGlobalSection
	GlobalSection(ExtensibilityGlobals) = postSolution
		SolutionGuid = {E742AE49-2B4F-4FF2-9611-6ADF281234AE}
	EndGlobalSection
EndGlobal
